// !$*UTF8*$!
{
	archiveVersion = 1;
	classes = {
	};
	objectVersion = 56;
	objects = {

/* Begin PBXBuildFile section */
		FA30B3E62AC9E34D00E2E7CD /* TimeCalculatorApp.swift in Sources */ = {isa = PBXBuildFile; fileRef = FA30B3E52AC9E34D00E2E7CD /* TimeCalculatorApp.swift */; };
		FA30B3E82AC9E34D00E2E7CD /* ContentView.swift in Sources */ = {isa = PBXBuildFile; fileRef = FA30B3E72AC9E34D00E2E7CD /* ContentView.swift */; };
		FA30B3EA2AC9E35300E2E7CD /* Assets.xcassets in Resources */ = {isa = PBXBuildFile; fileRef = FA30B3E92AC9E35300E2E7CD /* Assets.xcassets */; };
		FA30B3ED2AC9E35300E2E7CD /* Preview Assets.xcassets in Resources */ = {isa = PBXBuildFile; fileRef = FA30B3EC2AC9E35300E2E7CD /* Preview Assets.xcassets */; };
		FA30B3F72AC9E35400E2E7CD /* TimeCalculatorTests.swift in Sources */ = {isa = PBXBuildFile; fileRef = FA30B3F62AC9E35400E2E7CD /* TimeCalculatorTests.swift */; };
		FA30B4012AC9E35400E2E7CD /* TimeCalculatorUITests.swift in Sources */ = {isa = PBXBuildFile; fileRef = FA30B4002AC9E35400E2E7CD /* TimeCalculatorUITests.swift */; };
		FA30B4032AC9E35400E2E7CD /* TimeCalculatorUITestsLaunchTests.swift in Sources */ = {isa = PBXBuildFile; fileRef = FA30B4022AC9E35400E2E7CD /* TimeCalculatorUITestsLaunchTests.swift */; };
/* End PBXBuildFile section */

/* Begin PBXContainerItemProxy section */
		FA30B3F32AC9E35400E2E7CD /* PBXContainerItemProxy */ = {
			isa = PBXContainerItemProxy;
			containerPortal = FA30B3DA2AC9E34D00E2E7CD /* Project object */;
			proxyType = 1;
			remoteGlobalIDString = FA30B3E12AC9E34D00E2E7CD;
			remoteInfo = TimeCalculator;
		};
		FA30B3FD2AC9E35400E2E7CD /* PBXContainerItemProxy */ = {
			isa = PBXContainerItemProxy;
			containerPortal = FA30B3DA2AC9E34D00E2E7CD /* Project object */;
			proxyType = 1;
			remoteGlobalIDString = FA30B3E12AC9E34D00E2E7CD;
			remoteInfo = TimeCalculator;
		};
/* End PBXContainerItemProxy section */

/* Begin PBXFileReference section */
		FA30B3E22AC9E34D00E2E7CD /* TimeCalculator.app */ = {isa = PBXFileReference; explicitFileType = wrapper.application; includeInIndex = 0; path = TimeCalculator.app; sourceTree = BUILT_PRODUCTS_DIR; };
		FA30B3E52AC9E34D00E2E7CD /* TimeCalculatorApp.swift */ = {isa = PBXFileReference; lastKnownFileType = sourcecode.swift; path = TimeCalculatorApp.swift; sourceTree = "<group>"; };
		FA30B3E72AC9E34D00E2E7CD /* ContentView.swift */ = {isa = PBXFileReference; lastKnownFileType = sourcecode.swift; path = ContentView.swift; sourceTree = "<group>"; };
		FA30B3E92AC9E35300E2E7CD /* Assets.xcassets */ = {isa = PBXFileReference; lastKnownFileType = folder.assetcatalog; path = Assets.xcassets; sourceTree = "<group>"; };
		FA30B3EC2AC9E35300E2E7CD /* Preview Assets.xcassets */ = {isa = PBXFileReference; lastKnownFileType = folder.assetcatalog; path = "Preview Assets.xcassets"; sourceTree = "<group>"; };
		FA30B3F22AC9E35400E2E7CD /* TimeCalculatorTests.xctest */ = {isa = PBXFileReference; explicitFileType = wrapper.cfbundle; includeInIndex = 0; path = TimeCalculatorTests.xctest; sourceTree = BUILT_PRODUCTS_DIR; };
		FA30B3F62AC9E35400E2E7CD /* TimeCalculatorTests.swift */ = {isa = PBXFileReference; lastKnownFileType = sourcecode.swift; path = TimeCalculatorTests.swift; sourceTree = "<group>"; };
		FA30B3FC2AC9E35400E2E7CD /* TimeCalculatorUITests.xctest */ = {isa = PBXFileReference; explicitFileType = wrapper.cfbundle; includeInIndex = 0; path = TimeCalculatorUITests.xctest; sourceTree = BUILT_PRODUCTS_DIR; };
		FA30B4002AC9E35400E2E7CD /* TimeCalculatorUITests.swift */ = {isa = PBXFileReference; lastKnownFileType = sourcecode.swift; path = TimeCalculatorUITests.swift; sourceTree = "<group>"; };
		FA30B4022AC9E35400E2E7CD /* TimeCalculatorUITestsLaunchTests.swift */ = {isa = PBXFileReference; lastKnownFileType = sourcecode.swift; path = TimeCalculatorUITestsLaunchTests.swift; sourceTree = "<group>"; };
/* End PBXFileReference section */

/* Begin PBXFrameworksBuildPhase section */
		FA30B3DF2AC9E34D00E2E7CD /* Frameworks */ = {
			isa = PBXFrameworksBuildPhase;
			buildActionMask = 2147483647;
			files = (
			);
			runOnlyForDeploymentPostprocessing = 0;
		};
		FA30B3EF2AC9E35400E2E7CD /* Frameworks */ = {
			isa = PBXFrameworksBuildPhase;
			buildActionMask = 2147483647;
			files = (
			);
			runOnlyForDeploymentPostprocessing = 0;
		};
		FA30B3F92AC9E35400E2E7CD /* Frameworks */ = {
			isa = PBXFrameworksBuildPhase;
			buildActionMask = 2147483647;
			files = (
			);
			runOnlyForDeploymentPostprocessing = 0;
		};
/* End PBXFrameworksBuildPhase section */

/* Begin PBXGroup section */
		FA30B3D92AC9E34D00E2E7CD = {
			isa = PBXGroup;
			children = (
				FA30B3E42AC9E34D00E2E7CD /* TimeCalculator */,
				FA30B3F52AC9E35400E2E7CD /* TimeCalculatorTests */,
				FA30B3FF2AC9E35400E2E7CD /* TimeCalculatorUITests */,
				FA30B3E32AC9E34D00E2E7CD /* Products */,
			);
			sourceTree = "<group>";
		};
		FA30B3E32AC9E34D00E2E7CD /* Products */ = {
			isa = PBXGroup;
			children = (
				FA30B3E22AC9E34D00E2E7CD /* TimeCalculator.app */,
				FA30B3F22AC9E35400E2E7CD /* TimeCalculatorTests.xctest */,
				FA30B3FC2AC9E35400E2E7CD /* TimeCalculatorUITests.xctest */,
			);
			name = Products;
			sourceTree = "<group>";
		};
		FA30B3E42AC9E34D00E2E7CD /* TimeCalculator */ = {
			isa = PBXGroup;
			children = (
				FA30B3E52AC9E34D00E2E7CD /* TimeCalculatorApp.swift */,
				FA30B3E72AC9E34D00E2E7CD /* ContentView.swift */,
				FA30B3E92AC9E35300E2E7CD /* Assets.xcassets */,
				FA30B3EB2AC9E35300E2E7CD /* Preview Content */,
			);
			path = TimeCalculator;
			sourceTree = "<group>";
		};
		FA30B3EB2AC9E35300E2E7CD /* Preview Content */ = {
			isa = PBXGroup;
			children = (
				FA30B3EC2AC9E35300E2E7CD /* Preview Assets.xcassets */,
			);
			path = "Preview Content";
			sourceTree = "<group>";
		};
		FA30B3F52AC9E35400E2E7CD /* TimeCalculatorTests */ = {
			isa = PBXGroup;
			children = (
				FA30B3F62AC9E35400E2E7CD /* TimeCalculatorTests.swift */,
			);
			path = TimeCalculatorTests;
			sourceTree = "<group>";
		};
		FA30B3FF2AC9E35400E2E7CD /* TimeCalculatorUITests */ = {
			isa = PBXGroup;
			children = (
				FA30B4002AC9E35400E2E7CD /* TimeCalculatorUITests.swift */,
				FA30B4022AC9E35400E2E7CD /* TimeCalculatorUITestsLaunchTests.swift */,
			);
			path = TimeCalculatorUITests;
			sourceTree = "<group>";
		};
/* End PBXGroup section */

/* Begin PBXNativeTarget section */
		FA30B3E12AC9E34D00E2E7CD /* TimeCalculator */ = {
			isa = PBXNativeTarget;
			buildConfigurationList = FA30B4062AC9E35400E2E7CD /* Build configuration list for PBXNativeTarget "TimeCalculator" */;
			buildPhases = (
				FA30B3DE2AC9E34D00E2E7CD /* Sources */,
				FA30B3DF2AC9E34D00E2E7CD /* Frameworks */,
				FA30B3E02AC9E34D00E2E7CD /* Resources */,
			);
			buildRules = (
			);
			dependencies = (
			);
			name = TimeCalculator;
			productName = TimeCalculator;
			productReference = FA30B3E22AC9E34D00E2E7CD /* TimeCalculator.app */;
			productType = "com.apple.product-type.application";
		};
		FA30B3F12AC9E35400E2E7CD /* TimeCalculatorTests */ = {
			isa = PBXNativeTarget;
			buildConfigurationList = FA30B4092AC9E35400E2E7CD /* Build configuration list for PBXNativeTarget "TimeCalculatorTests" */;
			buildPhases = (
				FA30B3EE2AC9E35400E2E7CD /* Sources */,
				FA30B3EF2AC9E35400E2E7CD /* Frameworks */,
				FA30B3F02AC9E35400E2E7CD /* Resources */,
			);
			buildRules = (
			);
			dependencies = (
				FA30B3F42AC9E35400E2E7CD /* PBXTargetDependency */,
			);
			name = TimeCalculatorTests;
			productName = TimeCalculatorTests;
			productReference = FA30B3F22AC9E35400E2E7CD /* TimeCalculatorTests.xctest */;
			productType = "com.apple.product-type.bundle.unit-test";
		};
		FA30B3FB2AC9E35400E2E7CD /* TimeCalculatorUITests */ = {
			isa = PBXNativeTarget;
			buildConfigurationList = FA30B40C2AC9E35400E2E7CD /* Build configuration list for PBXNativeTarget "TimeCalculatorUITests" */;
			buildPhases = (
				FA30B3F82AC9E35400E2E7CD /* Sources */,
				FA30B3F92AC9E35400E2E7CD /* Frameworks */,
				FA30B3FA2AC9E35400E2E7CD /* Resources */,
			);
			buildRules = (
			);
			dependencies = (
				FA30B3FE2AC9E35400E2E7CD /* PBXTargetDependency */,
			);
			name = TimeCalculatorUITests;
			productName = TimeCalculatorUITests;
			productReference = FA30B3FC2AC9E35400E2E7CD /* TimeCalculatorUITests.xctest */;
			productType = "com.apple.product-type.bundle.ui-testing";
		};
/* End PBXNativeTarget section */

/* Begin PBXProject section */
		FA30B3DA2AC9E34D00E2E7CD /* Project object */ = {
			isa = PBXProject;
			attributes = {
				BuildIndependentTargetsInParallel = 1;
				LastSwiftUpdateCheck = 1500;
				LastUpgradeCheck = 1500;
				TargetAttributes = {
					FA30B3E12AC9E34D00E2E7CD = {
						CreatedOnToolsVersion = 15.0;
					};
					FA30B3F12AC9E35400E2E7CD = {
						CreatedOnToolsVersion = 15.0;
						TestTargetID = FA30B3E12AC9E34D00E2E7CD;
					};
					FA30B3FB2AC9E35400E2E7CD = {
						CreatedOnToolsVersion = 15.0;
						TestTargetID = FA30B3E12AC9E34D00E2E7CD;
					};
				};
			};
			buildConfigurationList = FA30B3DD2AC9E34D00E2E7CD /* Build configuration list for PBXProject "TimeCalculator" */;
			compatibilityVersion = "Xcode 14.0";
			developmentRegion = en;
			hasScannedForEncodings = 0;
			knownRegions = (
				en,
				Base,
			);
			mainGroup = FA30B3D92AC9E34D00E2E7CD;
			productRefGroup = FA30B3E32AC9E34D00E2E7CD /* Products */;
			projectDirPath = "";
			projectRoot = "";
			targets = (
				FA30B3E12AC9E34D00E2E7CD /* TimeCalculator */,
				FA30B3F12AC9E35400E2E7CD /* TimeCalculatorTests */,
				FA30B3FB2AC9E35400E2E7CD /* TimeCalculatorUITests */,
			);
		};
/* End PBXProject section */

/* Begin PBXResourcesBuildPhase section */
		FA30B3E02AC9E34D00E2E7CD /* Resources */ = {
			isa = PBXResourcesBuildPhase;
			buildActionMask = 2147483647;
			files = (
				FA30B3ED2AC9E35300E2E7CD /* Preview Assets.xcassets in Resources */,
				FA30B3EA2AC9E35300E2E7CD /* Assets.xcassets in Resources */,
			);
			runOnlyForDeploymentPostprocessing = 0;
		};
		FA30B3F02AC9E35400E2E7CD /* Resources */ = {
			isa = PBXResourcesBuildPhase;
			buildActionMask = 2147483647;
			files = (
			);
			runOnlyForDeploymentPostprocessing = 0;
		};
		FA30B3FA2AC9E35400E2E7CD /* Resources */ = {
			isa = PBXResourcesBuildPhase;
			buildActionMask = 2147483647;
			files = (
			);
			runOnlyForDeploymentPostprocessing = 0;
		};
/* End PBXResourcesBuildPhase section */

/* Begin PBXSourcesBuildPhase section */
		FA30B3DE2AC9E34D00E2E7CD /* Sources */ = {
			isa = PBXSourcesBuildPhase;
			buildActionMask = 2147483647;
			files = (
				FA30B3E82AC9E34D00E2E7CD /* ContentView.swift in Sources */,
				FA30B3E62AC9E34D00E2E7CD /* TimeCalculatorApp.swift in Sources */,
			);
			runOnlyForDeploymentPostprocessing = 0;
		};
		FA30B3EE2AC9E35400E2E7CD /* Sources */ = {
			isa = PBXSourcesBuildPhase;
			buildActionMask = 2147483647;
			files = (
				FA30B3F72AC9E35400E2E7CD /* TimeCalculatorTests.swift in Sources */,
			);
			runOnlyForDeploymentPostprocessing = 0;
		};
		FA30B3F82AC9E35400E2E7CD /* Sources */ = {
			isa = PBXSourcesBuildPhase;
			buildActionMask = 2147483647;
			files = (
				FA30B4012AC9E35400E2E7CD /* TimeCalculatorUITests.swift in Sources */,
				FA30B4032AC9E35400E2E7CD /* TimeCalculatorUITestsLaunchTests.swift in Sources */,
			);
			runOnlyForDeploymentPostprocessing = 0;
		};
/* End PBXSourcesBuildPhase section */

/* Begin PBXTargetDependency section */
		FA30B3F42AC9E35400E2E7CD /* PBXTargetDependency */ = {
			isa = PBXTargetDependency;
			target = FA30B3E12AC9E34D00E2E7CD /* TimeCalculator */;
			targetProxy = FA30B3F32AC9E35400E2E7CD /* PBXContainerItemProxy */;
		};
		FA30B3FE2AC9E35400E2E7CD /* PBXTargetDependency */ = {
			isa = PBXTargetDependency;
			target = FA30B3E12AC9E34D00E2E7CD /* TimeCalculator */;
			targetProxy = FA30B3FD2AC9E35400E2E7CD /* PBXContainerItemProxy */;
		};
/* End PBXTargetDependency section */

/* Begin XCBuildConfiguration section */
		FA30B4042AC9E35400E2E7CD /* Debug */ = {
			isa = XCBuildConfiguration;
			buildSettings = {
				ALWAYS_SEARCH_USER_PATHS = NO;
				ASSETCATALOG_COMPILER_GENERATE_SWIFT_ASSET_SYMBOL_EXTENSIONS = YES;
				CLANG_ANALYZER_NONNULL = YES;
				CLANG_ANALYZER_NUMBER_OBJECT_CONVERSION = YES_AGGRESSIVE;
				CLANG_CXX_LANGUAGE_STANDARD = "gnu++20";
				CLANG_ENABLE_MODULES = YES;
				CLANG_ENABLE_OBJC_ARC = YES;
				CLANG_ENABLE_OBJC_WEAK = YES;
				CLANG_WARN_BLOCK_CAPTURE_AUTORELEASING = YES;
				CLANG_WARN_BOOL_CONVERSION = YES;
				CLANG_WARN_COMMA = YES;
				CLANG_WARN_CONSTANT_CONVERSION = YES;
				CLANG_WARN_DEPRECATED_OBJC_IMPLEMENTATIONS = YES;
				CLANG_WARN_DIRECT_OBJC_ISA_USAGE = YES_ERROR;
				CLANG_WARN_DOCUMENTATION_COMMENTS = YES;
				CLANG_WARN_EMPTY_BODY = YES;
				CLANG_WARN_ENUM_CONVERSION = YES;
				CLANG_WARN_INFINITE_RECURSION = YES;
				CLANG_WARN_INT_CONVERSION = YES;
				CLANG_WARN_NON_LITERAL_NULL_CONVERSION = YES;
				CLANG_WARN_OBJC_IMPLICIT_RETAIN_SELF = YES;
				CLANG_WARN_OBJC_LITERAL_CONVERSION = YES;
				CLANG_WARN_OBJC_ROOT_CLASS = YES_ERROR;
				CLANG_WARN_QUOTED_INCLUDE_IN_FRAMEWORK_HEADER = YES;
				CLANG_WARN_RANGE_LOOP_ANALYSIS = YES;
				CLANG_WARN_STRICT_PROTOTYPES = YES;
				CLANG_WARN_SUSPICIOUS_MOVE = YES;
				CLANG_WARN_UNGUARDED_AVAILABILITY = YES_AGGRESSIVE;
				CLANG_WARN_UNREACHABLE_CODE = YES;
				CLANG_WARN__DUPLICATE_METHOD_MATCH = YES;
				COPY_PHASE_STRIP = NO;
				DEBUG_INFORMATION_FORMAT = dwarf;
				ENABLE_STRICT_OBJC_MSGSEND = YES;
				ENABLE_TESTABILITY = YES;
				ENABLE_USER_SCRIPT_SANDBOXING = YES;
				GCC_C_LANGUAGE_STANDARD = gnu17;
				GCC_DYNAMIC_NO_PIC = NO;
				GCC_NO_COMMON_BLOCKS = YES;
				GCC_OPTIMIZATION_LEVEL = 0;
				GCC_PREPROCESSOR_DEFINITIONS = (
					"DEBUG=1",
					"$(inherited)",
				);
				GCC_WARN_64_TO_32_BIT_CONVERSION = YES;
				GCC_WARN_ABOUT_RETURN_TYPE = YES_ERROR;
				GCC_WARN_UNDECLARED_SELECTOR = YES;
				GCC_WARN_UNINITIALIZED_AUTOS = YES_AGGRESSIVE;
				GCC_WARN_UNUSED_FUNCTION = YES;
				GCC_WARN_UNUSED_VARIABLE = YES;
				IPHONEOS_DEPLOYMENT_TARGET = 17.0;
				LOCALIZATION_PREFERS_STRING_CATALOGS = YES;
				MTL_ENABLE_DEBUG_INFO = INCLUDE_SOURCE;
				MTL_FAST_MATH = YES;
				ONLY_ACTIVE_ARCH = YES;
				SDKROOT = iphoneos;
				SWIFT_ACTIVE_COMPILATION_CONDITIONS = "DEBUG $(inherited)";
				SWIFT_OPTIMIZATION_LEVEL = "-Onone";
			};
			name = Debug;
		};
		FA30B4052AC9E35400E2E7CD /* Release */ = {
			isa = XCBuildConfiguration;
			buildSettings = {
				ALWAYS_SEARCH_USER_PATHS = NO;
				ASSETCATALOG_COMPILER_GENERATE_SWIFT_ASSET_SYMBOL_EXTENSIONS = YES;
				CLANG_ANALYZER_NONNULL = YES;
				CLANG_ANALYZER_NUMBER_OBJECT_CONVERSION = YES_AGGRESSIVE;
				CLANG_CXX_LANGUAGE_STANDARD = "gnu++20";
				CLANG_ENABLE_MODULES = YES;
				CLANG_ENABLE_OBJC_ARC = YES;
				CLANG_ENABLE_OBJC_WEAK = YES;
				CLANG_WARN_BLOCK_CAPTURE_AUTORELEASING = YES;
				CLANG_WARN_BOOL_CONVERSION = YES;
				CLANG_WARN_COMMA = YES;
				CLANG_WARN_CONSTANT_CONVERSION = YES;
				CLANG_WARN_DEPRECATED_OBJC_IMPLEMENTATIONS = YES;
				CLANG_WARN_DIRECT_OBJC_ISA_USAGE = YES_ERROR;
				CLANG_WARN_DOCUMENTATION_COMMENTS = YES;
				CLANG_WARN_EMPTY_BODY = YES;
				CLANG_WARN_ENUM_CONVERSION = YES;
				CLANG_WARN_INFINITE_RECURSION = YES;
				CLANG_WARN_INT_CONVERSION = YES;
				CLANG_WARN_NON_LITERAL_NULL_CONVERSION = YES;
				CLANG_WARN_OBJC_IMPLICIT_RETAIN_SELF = YES;
				CLANG_WARN_OBJC_LITERAL_CONVERSION = YES;
				CLANG_WARN_OBJC_ROOT_CLASS = YES_ERROR;
				CLANG_WARN_QUOTED_INCLUDE_IN_FRAMEWORK_HEADER = YES;
				CLANG_WARN_RANGE_LOOP_ANALYSIS = YES;
				CLANG_WARN_STRICT_PROTOTYPES = YES;
				CLANG_WARN_SUSPICIOUS_MOVE = YES;
				CLANG_WARN_UNGUARDED_AVAILABILITY = YES_AGGRESSIVE;
				CLANG_WARN_UNREACHABLE_CODE = YES;
				CLANG_WARN__DUPLICATE_METHOD_MATCH = YES;
				COPY_PHASE_STRIP = NO;
				DEBUG_INFORMATION_FORMAT = "dwarf-with-dsym";
				ENABLE_NS_ASSERTIONS = NO;
				ENABLE_STRICT_OBJC_MSGSEND = YES;
				ENABLE_USER_SCRIPT_SANDBOXING = YES;
				GCC_C_LANGUAGE_STANDARD = gnu17;
				GCC_NO_COMMON_BLOCKS = YES;
				GCC_WARN_64_TO_32_BIT_CONVERSION = YES;
				GCC_WARN_ABOUT_RETURN_TYPE = YES_ERROR;
				GCC_WARN_UNDECLARED_SELECTOR = YES;
				GCC_WARN_UNINITIALIZED_AUTOS = YES_AGGRESSIVE;
				GCC_WARN_UNUSED_FUNCTION = YES;
				GCC_WARN_UNUSED_VARIABLE = YES;
				IPHONEOS_DEPLOYMENT_TARGET = 17.0;
				LOCALIZATION_PREFERS_STRING_CATALOGS = YES;
				MTL_ENABLE_DEBUG_INFO = NO;
				MTL_FAST_MATH = YES;
				SDKROOT = iphoneos;
				SWIFT_COMPILATION_MODE = wholemodule;
				VALIDATE_PRODUCT = YES;
			};
			name = Release;
		};
		FA30B4072AC9E35400E2E7CD /* Debug */ = {
			isa = XCBuildConfiguration;
			buildSettings = {
				ASSETCATALOG_COMPILER_APPICON_NAME = AppIcon;
				ASSETCATALOG_COMPILER_GLOBAL_ACCENT_COLOR_NAME = AccentColor;
				CODE_SIGN_STYLE = Automatic;
				CURRENT_PROJECT_VERSION = 1;
				DEVELOPMENT_ASSET_PATHS = "\"TimeCalculator/Preview Content\"";
				DEVELOPMENT_TEAM = 6D7NWWP3H2;
				ENABLE_PREVIEWS = YES;
				GENERATE_INFOPLIST_FILE = YES;
				INFOPLIST_KEY_UIApplicationSceneManifest_Generation = YES;
				INFOPLIST_KEY_UIApplicationSupportsIndirectInputEvents = YES;
				INFOPLIST_KEY_UILaunchScreen_Generation = YES;
				INFOPLIST_KEY_UISupportedInterfaceOrientations_iPad = "UIInterfaceOrientationPortrait UIInterfaceOrientationPortraitUpsideDown UIInterfaceOrientationLandscapeLeft UIInterfaceOrientationLandscapeRight";
				INFOPLIST_KEY_UISupportedInterfaceOrientations_iPhone = "UIInterfaceOrientationPortrait UIInterfaceOrientationLandscapeLeft UIInterfaceOrientationLandscapeRight";
				LD_RUNPATH_SEARCH_PATHS = (
					"$(inherited)",
					"@executable_path/Frameworks",
				);
				MARKETING_VERSION = 1.0;
				PRODUCT_BUNDLE_IDENTIFIER = net.waclawczyk.TimeCalculator;
				PRODUCT_NAME = "$(TARGET_NAME)";
				SWIFT_EMIT_LOC_STRINGS = YES;
				SWIFT_VERSION = 5.0;
				TARGETED_DEVICE_FAMILY = "1,2";
			};
			name = Debug;
		};
		FA30B4082AC9E35400E2E7CD /* Release */ = {
			isa = XCBuildConfiguration;
			buildSettings = {
				ASSETCATALOG_COMPILER_APPICON_NAME = AppIcon;
				ASSETCATALOG_COMPILER_GLOBAL_ACCENT_COLOR_NAME = AccentColor;
				CODE_SIGN_STYLE = Automatic;
				CURRENT_PROJECT_VERSION = 1;
				DEVELOPMENT_ASSET_PATHS = "\"TimeCalculator/Preview Content\"";
				DEVELOPMENT_TEAM = 6D7NWWP3H2;
				ENABLE_PREVIEWS = YES;
				GENERATE_INFOPLIST_FILE = YES;
				INFOPLIST_KEY_UIApplicationSceneManifest_Generation = YES;
				INFOPLIST_KEY_UIApplicationSupportsIndirectInputEvents = YES;
				INFOPLIST_KEY_UILaunchScreen_Generation = YES;
				INFOPLIST_KEY_UISupportedInterfaceOrientations_iPad = "UIInterfaceOrientationPortrait UIInterfaceOrientationPortraitUpsideDown UIInterfaceOrientationLandscapeLeft UIInterfaceOrientationLandscapeRight";
				INFOPLIST_KEY_UISupportedInterfaceOrientations_iPhone = "UIInterfaceOrientationPortrait UIInterfaceOrientationLandscapeLeft UIInterfaceOrientationLandscapeRight";
				LD_RUNPATH_SEARCH_PATHS = (
					"$(inherited)",
					"@executable_path/Frameworks",
				);
				MARKETING_VERSION = 1.0;
				PRODUCT_BUNDLE_IDENTIFIER = net.waclawczyk.TimeCalculator;
				PRODUCT_NAME = "$(TARGET_NAME)";
				SWIFT_EMIT_LOC_STRINGS = YES;
				SWIFT_VERSION = 5.0;
				TARGETED_DEVICE_FAMILY = "1,2";
			};
			name = Release;
		};
		FA30B40A2AC9E35400E2E7CD /* Debug */ = {
			isa = XCBuildConfiguration;
			buildSettings = {
				ALWAYS_EMBED_SWIFT_STANDARD_LIBRARIES = YES;
				BUNDLE_LOADER = "$(TEST_HOST)";
				CODE_SIGN_STYLE = Automatic;
				CURRENT_PROJECT_VERSION = 1;
				GENERATE_INFOPLIST_FILE = YES;
				IPHONEOS_DEPLOYMENT_TARGET = 17.0;
				MARKETING_VERSION = 1.0;
				PRODUCT_BUNDLE_IDENTIFIER = net.waclawczyk.TimeCalculatorTests;
				PRODUCT_NAME = "$(TARGET_NAME)";
				SWIFT_EMIT_LOC_STRINGS = NO;
				SWIFT_VERSION = 5.0;
				TARGETED_DEVICE_FAMILY = "1,2";
				TEST_HOST = "$(BUILT_PRODUCTS_DIR)/TimeCalculator.app/$(BUNDLE_EXECUTABLE_FOLDER_PATH)/TimeCalculator";
			};
			name = Debug;
		};
		FA30B40B2AC9E35400E2E7CD /* Release */ = {
			isa = XCBuildConfiguration;
			buildSettings = {
				ALWAYS_EMBED_SWIFT_STANDARD_LIBRARIES = YES;
				BUNDLE_LOADER = "$(TEST_HOST)";
				CODE_SIGN_STYLE = Automatic;
				CURRENT_PROJECT_VERSION = 1;
				GENERATE_INFOPLIST_FILE = YES;
				IPHONEOS_DEPLOYMENT_TARGET = 17.0;
				MARKETING_VERSION = 1.0;
				PRODUCT_BUNDLE_IDENTIFIER = net.waclawczyk.TimeCalculatorTests;
				PRODUCT_NAME = "$(TARGET_NAME)";
				SWIFT_EMIT_LOC_STRINGS = NO;
				SWIFT_VERSION = 5.0;
				TARGETED_DEVICE_FAMILY = "1,2";
				TEST_HOST = "$(BUILT_PRODUCTS_DIR)/TimeCalculator.app/$(BUNDLE_EXECUTABLE_FOLDER_PATH)/TimeCalculator";
			};
			name = Release;
		};
		FA30B40D2AC9E35400E2E7CD /* Debug */ = {
			isa = XCBuildConfiguration;
			buildSettings = {
				ALWAYS_EMBED_SWIFT_STANDARD_LIBRARIES = YES;
				CODE_SIGN_STYLE = Automatic;
				CURRENT_PROJECT_VERSION = 1;
				GENERATE_INFOPLIST_FILE = YES;
				MARKETING_VERSION = 1.0;
				PRODUCT_BUNDLE_IDENTIFIER = net.waclawczyk.TimeCalculatorUITests;
				PRODUCT_NAME = "$(TARGET_NAME)";
				SWIFT_EMIT_LOC_STRINGS = NO;
				SWIFT_VERSION = 5.0;
				TARGETED_DEVICE_FAMILY = "1,2";
				TEST_TARGET_NAME = TimeCalculator;
			};
			name = Debug;
		};
		FA30B40E2AC9E35400E2E7CD /* Release */ = {
			isa = XCBuildConfiguration;
			buildSettings = {
				ALWAYS_EMBED_SWIFT_STANDARD_LIBRARIES = YES;
				CODE_SIGN_STYLE = Automatic;
				CURRENT_PROJECT_VERSION = 1;
				GENERATE_INFOPLIST_FILE = YES;
				MARKETING_VERSION = 1.0;
				PRODUCT_BUNDLE_IDENTIFIER = net.waclawczyk.TimeCalculatorUITests;
				PRODUCT_NAME = "$(TARGET_NAME)";
				SWIFT_EMIT_LOC_STRINGS = NO;
				SWIFT_VERSION = 5.0;
				TARGETED_DEVICE_FAMILY = "1,2";
				TEST_TARGET_NAME = TimeCalculator;
			};
			name = Release;
		};
/* End XCBuildConfiguration section */

/* Begin XCConfigurationList section */
		FA30B3DD2AC9E34D00E2E7CD /* Build configuration list for PBXProject "TimeCalculator" */ = {
			isa = XCConfigurationList;
			buildConfigurations = (
				FA30B4042AC9E35400E2E7CD /* Debug */,
				FA30B4052AC9E35400E2E7CD /* Release */,
			);
			defaultConfigurationIsVisible = 0;
			defaultConfigurationName = Release;
		};
		FA30B4062AC9E35400E2E7CD /* Build configuration list for PBXNativeTarget "TimeCalculator" */ = {
			isa = XCConfigurationList;
			buildConfigurations = (
				FA30B4072AC9E35400E2E7CD /* Debug */,
				FA30B4082AC9E35400E2E7CD /* Release */,
			);
			defaultConfigurationIsVisible = 0;
			defaultConfigurationName = Release;
		};
		FA30B4092AC9E35400E2E7CD /* Build configuration list for PBXNativeTarget "TimeCalculatorTests" */ = {
			isa = XCConfigurationList;
			buildConfigurations = (
				FA30B40A2AC9E35400E2E7CD /* Debug */,
				FA30B40B2AC9E35400E2E7CD /* Release */,
			);
			defaultConfigurationIsVisible = 0;
			defaultConfigurationName = Release;
		};
		FA30B40C2AC9E35400E2E7CD /* Build configuration list for PBXNativeTarget "TimeCalculatorUITests" */ = {
			isa = XCConfigurationList;
			buildConfigurations = (
				FA30B40D2AC9E35400E2E7CD /* Debug */,
				FA30B40E2AC9E35400E2E7CD /* Release */,
			);
			defaultConfigurationIsVisible = 0;
			defaultConfigurationName = Release;
		};
/* End XCConfigurationList section */
	};
	rootObject = FA30B3DA2AC9E34D00E2E7CD /* Project object */;
}
